
Microsoft Visual Studio Solution File, Format Version 12.00
# Visual Studio Version 17
VisualStudioVersion = 17.8.34525.116
MinimumVisualStudioVersion = 10.0.40219.1
Project("{FAE04EC0-301F-11D3-BF4B-00C04F79EFBC}") = "OUTPUT ARRAY", "OUTPUT ARRAY\OUTPUT ARRAY.csproj", "{AE9B3748-B629-4FEE-85AB-70EFCD4D029A}"
EndProject
Global
	GlobalSection(SolutionConfigurationPlatforms) = preSolution
		Debug|Any CPU = Debug|Any CPU
		Release|Any CPU = Release|Any CPU
	EndGlobalSection
	GlobalSection(ProjectConfigurationPlatforms) = postSolution
		{AE9B3748-B629-4FEE-85AB-70EFCD4D029A}.Debug|Any CPU.ActiveCfg = Debug|Any CPU
		{AE9B3748-B629-4FEE-85AB-70EFCD4D029A}.Debug|Any CPU.Build.0 = Debug|Any CPU
		{AE9B3748-B629-4FEE-85AB-70EFCD4D029A}.Release|Any CPU.ActiveCfg = Release|Any CPU
		{AE9B3748-B629-4FEE-85AB-70EFCD4D029A}.Release|Any CPU.Build.0 = Release|Any CPU
	EndGlobalSection
	GlobalSection(SolutionProperties) = preSolution
		HideSolutionNode = FALSE
	EndGlobalSection
	GlobalSection(ExtensibilityGlobals) = postSolution
		SolutionGuid = {1C4ED446-C954-44AC-942D-111FFA3968DF}
	EndGlobalSection
EndGlobal
